
Microsoft Visual Studio Solution File, Format Version 12.00
Project("{FAE04EC0-301F-11D3-BF4B-00C04F79EFBC}") = "backend", "backend\backend.csproj", "{C9A45A74-5485-40CE-AB79-921FEAD39B4D}"
EndProject
Project("{2150E333-8FDC-42A3-9474-1A3956D46DE8}") = "Solution Items", "Solution Items", "{C3E98595-B92A-447A-B187-0F851DC2CD8E}"
	ProjectSection(SolutionItems) = preProject
		docker-compose.yml = docker-compose.yml
	EndProjectSection
EndProject
Global
	GlobalSection(SolutionConfigurationPlatforms) = preSolution
		Debug|Any CPU = Debug|Any CPU
		Release|Any CPU = Release|Any CPU
	EndGlobalSection
	GlobalSection(ProjectConfigurationPlatforms) = postSolution
		{C9A45A74-5485-40CE-AB79-921FEAD39B4D}.Debug|Any CPU.ActiveCfg = Debug|Any CPU
		{C9A45A74-5485-40CE-AB79-921FEAD39B4D}.Debug|Any CPU.Build.0 = Debug|Any CPU
		{C9A45A74-5485-40CE-AB79-921FEAD39B4D}.Release|Any CPU.ActiveCfg = Release|Any CPU
		{C9A45A74-5485-40CE-AB79-921FEAD39B4D}.Release|Any CPU.Build.0 = Release|Any CPU
	EndGlobalSection
EndGlobal
